<?xml version="1.0" encoding="utf-8"?>
<Project ToolsVersion="4.0" xmlns="http://schemas.microsoft.com/developer/msbuild/2003">
  <ItemGroup>
    <Filter Include="Source files">
      <UniqueIdentifier>{6b8f1ad4-8aa0-4852-ad93-3525e9e744e5}</UniqueIdentifier>
      <Extensions>cpp;c;cc;cxx;def;odl;idl;hpj;bat;asm;asmx</Extensions>
    </Filter>
    <Filter Include="Header files">
      <UniqueIdentifier>{e0979fc1-c8d4-4366-ba5c-35765b759e03}</UniqueIdentifier>
      <Extensions>h;hpp;hxx;hm;inl;inc;xsd</Extensions>
    </Filter>
    <Filter Include="Resource files">
      <UniqueIdentifier>{32dece1c-9e61-4b3f-97ed-8855dbb8fed3}</UniqueIdentifier>
      <Extensions>rc;ico;cur;bmp;dlg;rc2;rct;bin;rgs;gif;jpg;jpeg;jpe;resx;tiff;tif;png;wav</Extensions>
    </Filter>
    <Filter Include="Make files">
      <UniqueIdentifier>{46997da2-2ae0-4c19-9a2b-dcfcc6bd2e5b}</UniqueIdentifier>
      <Extensions>*.mak</Extensions>
    </Filter>
    <Filter Include="VisualGDB settings">
      <UniqueIdentifier>{01824b50-e6f0-4ad0-aee8-e2620cf1315a}</UniqueIdentifier>
      <Extensions>*.vgdbsettings</Extensions>
    </Filter>
    <Filter Include="Source files\Device-specific files">
      <UniqueIdentifier>{cf0ff5d3-cd11-4bd9-a8d7-09bf2b0cf512}</UniqueIdentifier>
    </Filter>
    <Filter Include="Header files\Device-specific files">
      <UniqueIdentifier>{7c4ff7ee-d5f7-4d6b-95eb-93f87d63128f}</UniqueIdentifier>
    </Filter>
    <Filter Include="Source files\Resources">
      <UniqueIdentifier>{122a6cbc-4550-415a-b9fb-fe16be034168}</UniqueIdentifier>
    </Filter>
    <Filter Include="Header files\Resources">
      <UniqueIdentifier>{2e1a2213-e19c-4941-b06d-7706b9341546}</UniqueIdentifier>
    </Filter>
  </ItemGroup>
  <ItemGroup>
    <ClCompile Include="WpiWeather.cpp">
      <Filter>Source files</Filter>
    </ClCompile>
    <ClCompile Include="dht11.cpp">
      <Filter>Header files</Filter>
    </ClCompile>
  </ItemGroup>
  <ItemGroup>
    <None Include="Makefile" />
    <None Include="WpiWeather-Debug.vgdbsettings">
      <Filter>VisualGDB settings</Filter>
    </None>
    <None Include="release.mak">
      <Filter>Make files</Filter>
    </None>
    <None Include="WpiWeather-Release.vgdbsettings">
      <Filter>VisualGDB settings</Filter>
    </None>
    <None Include="mcu.mak">
      <Filter>Source files\Device-specific files</Filter>
    </None>
    <None Include="ClassDiagram.cd" />
    <None Include="debug.mak">
      <Filter>Make files</Filter>
    </None>
  </ItemGroup>
  <ItemGroup>
    <Xml Include="MCU.xml">
      <Filter>VisualGDB settings</Filter>
    </Xml>
  </ItemGroup>
  <ItemGroup>
    <ClInclude Include="WpiWeather.h">
      <Filter>Header files</Filter>
    </ClInclude>
    <ClInclude Include="cmdline.h">
      <Filter>Header files</Filter>
    </ClInclude>
    <ClInclude Include="dht11.h">
      <Filter>Header files</Filter>
    </ClInclude>
  </ItemGroup>
  <ItemGroup>
    <Image Include="Resources\clearNight.png">
      <Filter>Source files\Resources</Filter>
    </Image>
    <Image Include="Resources\cloudRain.png">
      <Filter>Source files\Resources</Filter>
    </Image>
    <Image Include="Resources\clouds.png">
      <Filter>Source files\Resources</Filter>
    </Image>
    <Image Include="Resources\flurries.png">
      <Filter>Source files\Resources</Filter>
    </Image>
    <Image Include="Resources\fog.png">
      <Filter>Source files\Resources</Filter>
    </Image>
    <Image Include="Resources\hail.png">
      <Filter>Source files\Resources</Filter>
    </Image>
    <Image Include="Resources\ice.png">
      <Filter>Source files\Resources</Filter>
    </Image>
    <Image Include="Resources\lightning.png">
      <Filter>Source files\Resources</Filter>
    </Image>
    <Image Include="Resources\rain.png">
      <Filter>Source files\Resources</Filter>
    </Image>
    <Image Include="Resources\snow.png">
      <Filter>Source files\Resources</Filter>
    </Image>
    <Image Include="Resources\snowrain.png">
      <Filter>Source files\Resources</Filter>
    </Image>
    <Image Include="Resources\sun.png">
      <Filter>Source files\Resources</Filter>
    </Image>
    <Image Include="Resources\suncloud.png">
      <Filter>Source files\Resources</Filter>
    </Image>
    <Image Include="Resources\sunhaze.png">
      <Filter>Source files\Resources</Filter>
    </Image>
    <Image Include="Resources\sunrain.png">
      <Filter>Source files\Resources</Filter>
    </Image>
    <Image Include="Resources\wind.png">
      <Filter>Source files\Resources</Filter>
    </Image>
  </ItemGroup>
</Project>